{
  "name": "@s-bauer/uifabric-styling",
  "version": "6.39.0",
  "lockfileVersion": 1,
  "requires": true,
  "dependencies": {
    "@microsoft/load-themed-styles": {
      "version": "1.10.21",
      "resolved": "https://registry.npmjs.org/@microsoft/load-themed-styles/-/load-themed-styles-1.10.21.tgz",
      "integrity": "sha512-HM5NMBsaU3aqK2yp2oKqXf0UzZ+vfmzuWDBuv1rpA4URLzkrTDGSaYsTOI6hmFP9DGC3c62a5aCmpSvGq6Ddlw=="
    },
    "@s-bauer/uifabric-utilities": {
      "version": "file:../utilities",
      "requires": {
        "@uifabric/merge-styles": "^7.8.1"
      },
      "dependencies": {
        "@uifabric/merge-styles": {
          "version": "7.8.1",
          "resolved": "https://registry.npmjs.org/@uifabric/merge-styles/-/merge-styles-7.8.1.tgz",
          "integrity": "sha512-DJBXNsYfrYQ3wCjOE197JqXTkqwfPlGJhQkhYMBwO76ovKBQyJxT8m6NL8og5F9blnIBdCJPrvRUz/21/WlUGg==",
          "requires": {
            "@uifabric/set-version": "^7.0.2",
            "tslib": "^1.7.1"
          }
        },
        "@uifabric/set-version": {
          "version": "7.0.2",
          "resolved": "https://registry.npmjs.org/@uifabric/set-version/-/set-version-7.0.2.tgz",
          "integrity": "sha512-3mQp7gqPOqphwX74j+N/lJEFeivKPv8ryY9QFXUxVPnrXNwpIkDW9Wk6CPqArzgGvQngRRKYD/PcyP5iuHN52A==",
          "requires": {
            "tslib": "^1.7.1"
          }
        },
        "child_process": {
          "version": "1.0.2",
          "resolved": "https://registry.npmjs.org/child_process/-/child_process-1.0.2.tgz",
          "integrity": "sha1-sffn/HPSXn/R1FWtyU4UODAYK1o="
        },
        "tslib": {
          "version": "1.10.0",
          "resolved": "https://registry.npmjs.org/tslib/-/tslib-1.10.0.tgz",
          "integrity": "sha512-qOebF53frne81cf0S9B41ByenJ3/IuH8yJKngAX35CmiZySA0khhkovshKK+jGCaMnVomla7gVlIcc3EvKPbTQ=="
        },
        "typescript": {
          "version": "3.7.2",
          "resolved": "https://registry.npmjs.org/typescript/-/typescript-3.7.2.tgz",
          "integrity": "sha512-ml7V7JfiN2Xwvcer+XAf2csGO1bPBdRbFCkYBczNZggrBZ9c7G3riSUeJmqEU5uOtXNPMhE3n+R4FA/3YOAWOQ=="
        }
      }
    },
    "@uifabric/merge-styles": {
      "version": "7.8.1",
      "resolved": "https://registry.npmjs.org/@uifabric/merge-styles/-/merge-styles-7.8.1.tgz",
      "integrity": "sha512-DJBXNsYfrYQ3wCjOE197JqXTkqwfPlGJhQkhYMBwO76ovKBQyJxT8m6NL8og5F9blnIBdCJPrvRUz/21/WlUGg==",
      "requires": {
        "@uifabric/set-version": "^7.0.2",
        "tslib": "^1.7.1"
      }
    },
    "@uifabric/set-version": {
      "version": "7.0.2",
      "resolved": "https://registry.npmjs.org/@uifabric/set-version/-/set-version-7.0.2.tgz",
      "integrity": "sha512-3mQp7gqPOqphwX74j+N/lJEFeivKPv8ryY9QFXUxVPnrXNwpIkDW9Wk6CPqArzgGvQngRRKYD/PcyP5iuHN52A==",
      "requires": {
        "tslib": "^1.7.1"
      }
    },
    "child_process": {
      "version": "1.0.2",
      "resolved": "https://registry.npmjs.org/child_process/-/child_process-1.0.2.tgz",
      "integrity": "sha1-sffn/HPSXn/R1FWtyU4UODAYK1o=",
      "dev": true
    },
    "tslib": {
      "version": "1.10.0",
      "resolved": "https://registry.npmjs.org/tslib/-/tslib-1.10.0.tgz",
      "integrity": "sha512-qOebF53frne81cf0S9B41ByenJ3/IuH8yJKngAX35CmiZySA0khhkovshKK+jGCaMnVomla7gVlIcc3EvKPbTQ=="
    },
    "typescript": {
      "version": "3.7.2",
      "resolved": "https://registry.npmjs.org/typescript/-/typescript-3.7.2.tgz",
      "integrity": "sha512-ml7V7JfiN2Xwvcer+XAf2csGO1bPBdRbFCkYBczNZggrBZ9c7G3riSUeJmqEU5uOtXNPMhE3n+R4FA/3YOAWOQ==",
      "dev": true
    }
  }
}
