{
	"name": "@s-bauer/uifabric-styling",
	"version": "6.39.0",
	"lockfileVersion": 1,
	"requires": true,
	"dependencies": {
		"child_process": {
			"version": "1.0.2",
			"resolved": "https://registry.npmjs.org/child_process/-/child_process-1.0.2.tgz",
			"integrity": "sha1-sffn/HPSXn/R1FWtyU4UODAYK1o=",
			"dev": true
		},
		"tslib": {
			"version": "1.9.3",
			"resolved": "https://registry.npmjs.org/tslib/-/tslib-1.9.3.tgz",
			"integrity": "sha512-4krF8scpejhaOgqzBEcGM7yDIEfi0/8+8zDRZhNZZ2kjmHJ4hv3zCbQWxoJGz1iw5U0Jl0nma13xzHXcncMavQ=="
		}
	}
}
